
Microsoft Visual Studio Solution File, Format Version 12.00
# Visual Studio Version 16
VisualStudioVersion = 16.0.31515.178
MinimumVisualStudioVersion = 10.0.40219.1
Project("{2150E333-8FDC-42A3-9474-1A3956D46DE8}") = "Services", "Services", "{B47032C0-8D58-4A0B-81FD-0A767E321000}"
EndProject
Project("{2150E333-8FDC-42A3-9474-1A3956D46DE8}") = "Catalog", "Catalog", "{98890682-8849-4768-81F0-76FC1D0D8533}"
EndProject
Project("{FAE04EC0-301F-11D3-BF4B-00C04F79EFBC}") = "Catalog.API", "Services\Catalog\Catalog\Catalog.API\Catalog.API.csproj", "{D2F9D897-DC4D-4356-981F-C37A892E8136}"
EndProject
Global
	GlobalSection(SolutionConfigurationPlatforms) = preSolution
		Debug|Any CPU = Debug|Any CPU
		Release|Any CPU = Release|Any CPU
	EndGlobalSection
	GlobalSection(ProjectConfigurationPlatforms) = postSolution
		{D2F9D897-DC4D-4356-981F-C37A892E8136}.Debug|Any CPU.ActiveCfg = Debug|Any CPU
		{D2F9D897-DC4D-4356-981F-C37A892E8136}.Debug|Any CPU.Build.0 = Debug|Any CPU
		{D2F9D897-DC4D-4356-981F-C37A892E8136}.Release|Any CPU.ActiveCfg = Release|Any CPU
		{D2F9D897-DC4D-4356-981F-C37A892E8136}.Release|Any CPU.Build.0 = Release|Any CPU
	EndGlobalSection
	GlobalSection(SolutionProperties) = preSolution
		HideSolutionNode = FALSE
	EndGlobalSection
	GlobalSection(NestedProjects) = preSolution
		{98890682-8849-4768-81F0-76FC1D0D8533} = {B47032C0-8D58-4A0B-81FD-0A767E321000}
		{D2F9D897-DC4D-4356-981F-C37A892E8136} = {98890682-8849-4768-81F0-76FC1D0D8533}
	EndGlobalSection
	GlobalSection(ExtensibilityGlobals) = postSolution
		SolutionGuid = {FCB21F48-342D-4A29-9E28-FA93A82ABA10}
	EndGlobalSection
EndGlobal
